<?xml version="1.0" encoding="utf-8"?>
<Project ToolsVersion="4.0" xmlns="http://schemas.microsoft.com/developer/msbuild/2003">
  <ItemGroup>
    <Filter Include="src">
      <UniqueIdentifier>{6fb049f0-1154-4a73-83ac-41cd67e8c20e}</UniqueIdentifier>
    </Filter>
    <Filter Include="src\hlsl">
      <UniqueIdentifier>{bb33e0c7-7c2b-4a5c-a1ec-20e35a58fb75}</UniqueIdentifier>
    </Filter>
    <Filter Include="src\Game">
      <UniqueIdentifier>{2a7e032a-a3ef-4381-9cb6-1ee097ac686c}</UniqueIdentifier>
    </Filter>
  </ItemGroup>
  <ItemGroup>
    <ClCompile Include="src\Leviathan.cpp">
      <Filter>src</Filter>
    </ClCompile>
    <ClCompile Include="src\Graphics.cpp">
      <Filter>src</Filter>
    </ClCompile>
    <ClCompile Include="src\Math.cpp">
      <Filter>src</Filter>
    </ClCompile>
    <ClCompile Include="src\Engine.cpp">
      <Filter>src</Filter>
    </ClCompile>
    <ClCompile Include="src\Input.cpp">
      <Filter>src</Filter>
    </ClCompile>
    <ClCompile Include="src\UserInterface.cpp">
      <Filter>src</Filter>
    </ClCompile>
    <ClCompile Include="src\InputVisualizer.cpp">
      <Filter>src</Filter>
    </ClCompile>
    <ClCompile Include="src\Camera.cpp">
      <Filter>src</Filter>
    </ClCompile>
    <ClCompile Include="src\DrawState.cpp">
      <Filter>src</Filter>
    </ClCompile>
    <ClCompile Include="src\Image.cpp">
      <Filter>src</Filter>
    </ClCompile>
    <ClCompile Include="src\Game\Tetris.cpp">
      <Filter>src\Game</Filter>
    </ClCompile>
    <ClCompile Include="src\Clock.cpp">
      <Filter>src</Filter>
    </ClCompile>
    <ClCompile Include="src\Draw2D.cpp">
      <Filter>src</Filter>
    </ClCompile>
    <ClCompile Include="src\Game\Snake.cpp">
      <Filter>src\Game</Filter>
    </ClCompile>
    <ClCompile Include="src\Game\GameManager.cpp">
      <Filter>src\Game</Filter>
    </ClCompile>
    <ClCompile Include="src\Utils.cpp">
      <Filter>src</Filter>
    </ClCompile>
    <ClCompile Include="src\GameEntity.cpp">
      <Filter>src</Filter>
    </ClCompile>
    <ClCompile Include="src\PerformanceGraph.cpp">
      <Filter>src</Filter>
    </ClCompile>
    <ClCompile Include="src\Game\BulletLimbo.cpp">
      <Filter>src\Game</Filter>
    </ClCompile>
    <ClCompile Include="src\Fonts.cpp">
      <Filter>src</Filter>
    </ClCompile>
  </ItemGroup>
  <ItemGroup>
    <ClInclude Include="src\Leviathan.h">
      <Filter>src</Filter>
    </ClInclude>
    <ClInclude Include="src\Graphics.h">
      <Filter>src</Filter>
    </ClInclude>
    <ClInclude Include="src\Math.h">
      <Filter>src</Filter>
    </ClInclude>
    <ClInclude Include="src\Engine.h">
      <Filter>src</Filter>
    </ClInclude>
    <ClInclude Include="src\Input.h">
      <Filter>src</Filter>
    </ClInclude>
    <ClInclude Include="src\UserInterface.h">
      <Filter>src</Filter>
    </ClInclude>
    <ClInclude Include="src\InputVisualizer.h">
      <Filter>src</Filter>
    </ClInclude>
    <ClInclude Include="src\Camera.h">
      <Filter>src</Filter>
    </ClInclude>
    <ClInclude Include="src\DrawState.h">
      <Filter>src</Filter>
    </ClInclude>
    <ClInclude Include="src\Image.h">
      <Filter>src</Filter>
    </ClInclude>
    <ClInclude Include="src\Game\Tetris.h">
      <Filter>src\Game</Filter>
    </ClInclude>
    <ClInclude Include="src\Clock.h">
      <Filter>src</Filter>
    </ClInclude>
    <ClInclude Include="src\Array.h">
      <Filter>src</Filter>
    </ClInclude>
    <ClInclude Include="src\Draw2D.h">
      <Filter>src</Filter>
    </ClInclude>
    <ClInclude Include="src\Game\Snake.h">
      <Filter>src\Game</Filter>
    </ClInclude>
    <ClInclude Include="src\Game\GameManager.h">
      <Filter>src\Game</Filter>
    </ClInclude>
    <ClInclude Include="src\Utils.h">
      <Filter>src</Filter>
    </ClInclude>
    <ClInclude Include="src\GameEntity.h">
      <Filter>src</Filter>
    </ClInclude>
    <ClInclude Include="src\PerformanceGraph.h">
      <Filter>src</Filter>
    </ClInclude>
    <ClInclude Include="src\Game\BulletLimbo.h">
      <Filter>src\Game</Filter>
    </ClInclude>
    <ClInclude Include="src\Fonts.h">
      <Filter>src</Filter>
    </ClInclude>
  </ItemGroup>
  <ItemGroup>
    <FxCompile Include="src\hlsl\BaseShader.hlsl">
      <Filter>src\hlsl</Filter>
    </FxCompile>
    <FxCompile Include="src\hlsl\InstRectShader.hlsl">
      <Filter>src\hlsl</Filter>
    </FxCompile>
    <FxCompile Include="src\hlsl\InstLineShader.hlsl">
      <Filter>src\hlsl</Filter>
    </FxCompile>
  </ItemGroup>
  <ItemGroup>
    <None Include="src\Array.inl">
      <Filter>src</Filter>
    </None>
  </ItemGroup>
</Project>