<?xml version="1.0" encoding="utf-8"?>
<Project ToolsVersion="4.0" xmlns="http://schemas.microsoft.com/developer/msbuild/2003">
  <ItemGroup>
    <Filter Include="src">
      <UniqueIdentifier>{296f28cc-08a0-4987-af7e-5490c2af78d4}</UniqueIdentifier>
    </Filter>
  </ItemGroup>
  <ItemGroup>
    <ClCompile Include="src\EtCetera.cpp">
      <Filter>src</Filter>
    </ClCompile>
    <ClCompile Include="src\Common.cpp">
      <Filter>src</Filter>
    </ClCompile>
    <ClCompile Include="src\Pseudoku.cpp">
      <Filter>src</Filter>
    </ClCompile>
    <ClCompile Include="src\Sudoku.cpp">
      <Filter>src</Filter>
    </ClCompile>
    <ClCompile Include="src\PuzzleSolver.cpp">
      <Filter>src</Filter>
    </ClCompile>
    <ClCompile Include="src\BitmapTest.cpp">
      <Filter>src</Filter>
    </ClCompile>
  </ItemGroup>
  <ItemGroup>
    <ClInclude Include="src\Common.h">
      <Filter>src</Filter>
    </ClInclude>
    <ClInclude Include="src\Pseudoku.h">
      <Filter>src</Filter>
    </ClInclude>
    <ClInclude Include="src\Sudoku.h">
      <Filter>src</Filter>
    </ClInclude>
    <ClInclude Include="src\PuzzleSolver.h">
      <Filter>src</Filter>
    </ClInclude>
    <ClInclude Include="src\BitmapTest.h">
      <Filter>src</Filter>
    </ClInclude>
  </ItemGroup>
</Project>