<?xml version="1.0" encoding="utf-8"?>
<Project ToolsVersion="4.0" xmlns="http://schemas.microsoft.com/developer/msbuild/2003">
  <ItemGroup>
    <Filter Include="src">
      <UniqueIdentifier>{3f9dc756-8d9b-42f9-8686-8670b5d7ffe0}</UniqueIdentifier>
    </Filter>
  </ItemGroup>
  <ItemGroup>
    <ClCompile Include="src\Leviathan.cpp">
      <Filter>src</Filter>
    </ClCompile>
  </ItemGroup>
</Project>