<?xml version="1.0" encoding="utf-8"?>
<Project ToolsVersion="4.0" xmlns="http://schemas.microsoft.com/developer/msbuild/2003">
  <ItemGroup>
    <Filter Include="src">
      <UniqueIdentifier>{3f9dc756-8d9b-42f9-8686-8670b5d7ffe0}</UniqueIdentifier>
    </Filter>
    <Filter Include="HLSL">
      <UniqueIdentifier>{6383315a-871d-44dd-ad2a-e683ce206cb7}</UniqueIdentifier>
    </Filter>
    <Filter Include="src\Graphics">
      <UniqueIdentifier>{620bf756-85f5-46ae-afff-84968a4eccd5}</UniqueIdentifier>
    </Filter>
    <Filter Include="src\Common">
      <UniqueIdentifier>{74fa6283-ed30-4c1c-a06e-37d9a2302575}</UniqueIdentifier>
    </Filter>
    <Filter Include="src\Engine">
      <UniqueIdentifier>{45080c46-9009-452f-972f-e1546fcb055d}</UniqueIdentifier>
    </Filter>
  </ItemGroup>
  <ItemGroup>
    <ClCompile Include="src\Leviathan.cpp">
      <Filter>src</Filter>
    </ClCompile>
    <ClCompile Include="src\LvGraphics.cpp">
      <Filter>src\Graphics</Filter>
    </ClCompile>
    <ClCompile Include="src\LvGraphicsUtils.cpp">
      <Filter>src\Graphics</Filter>
    </ClCompile>
    <ClCompile Include="src\LvCommon.cpp">
      <Filter>src\Common</Filter>
    </ClCompile>
    <ClCompile Include="src\LvCamera.cpp">
      <Filter>src\Engine</Filter>
    </ClCompile>
    <ClCompile Include="src\LvEngine.cpp">
      <Filter>src\Engine</Filter>
    </ClCompile>
    <ClCompile Include="src\LvTime.cpp">
      <Filter>src\Engine</Filter>
    </ClCompile>
    <ClCompile Include="src\LvMath.cpp">
      <Filter>src\Engine</Filter>
    </ClCompile>
    <ClCompile Include="src\LvMesh.cpp">
      <Filter>src\Engine</Filter>
    </ClCompile>
    <ClCompile Include="src\LvGameSandbox.cpp">
      <Filter>src</Filter>
    </ClCompile>
    <ClCompile Include="src\LvInput.cpp">
      <Filter>src\Engine</Filter>
    </ClCompile>
    <ClCompile Include="src\LvDebugDrawing.cpp">
      <Filter>src\Graphics</Filter>
    </ClCompile>
  </ItemGroup>
  <ItemGroup>
    <ClInclude Include="src\Leviathan.h">
      <Filter>src</Filter>
    </ClInclude>
    <ClInclude Include="src\LvGraphics.h">
      <Filter>src\Graphics</Filter>
    </ClInclude>
    <ClInclude Include="src\LvGraphicsTypes.h">
      <Filter>src\Graphics</Filter>
    </ClInclude>
    <ClInclude Include="src\LvGraphicsUtils.h">
      <Filter>src\Graphics</Filter>
    </ClInclude>
    <ClInclude Include="src\LvBuildDefines.h">
      <Filter>src\Common</Filter>
    </ClInclude>
    <ClInclude Include="src\LvCommon.h">
      <Filter>src\Common</Filter>
    </ClInclude>
    <ClInclude Include="src\LvCamera.h">
      <Filter>src\Engine</Filter>
    </ClInclude>
    <ClInclude Include="src\LvEngine.h">
      <Filter>src\Engine</Filter>
    </ClInclude>
    <ClInclude Include="src\LvTime.h">
      <Filter>src\Engine</Filter>
    </ClInclude>
    <ClInclude Include="src\LvMath.h">
      <Filter>src\Engine</Filter>
    </ClInclude>
    <ClInclude Include="src\LvMesh.h">
      <Filter>src\Engine</Filter>
    </ClInclude>
    <ClInclude Include="src\LvGameSandbox.h">
      <Filter>src</Filter>
    </ClInclude>
    <ClInclude Include="src\LvTypes.h">
      <Filter>src\Common</Filter>
    </ClInclude>
    <ClInclude Include="src\LvInput.h">
      <Filter>src\Engine</Filter>
    </ClInclude>
    <ClInclude Include="src\LvBuildIncludes.h">
      <Filter>src\Common</Filter>
    </ClInclude>
    <ClInclude Include="src\LvGraphicsIncludes.h">
      <Filter>src\Graphics</Filter>
    </ClInclude>
    <ClInclude Include="src\LvDebugDrawing.h">
      <Filter>src\Graphics</Filter>
    </ClInclude>
  </ItemGroup>
  <ItemGroup>
    <FxCompile Include="src\HLSL\BasicShader.hlsl">
      <Filter>HLSL</Filter>
    </FxCompile>
  </ItemGroup>
  <ItemGroup>
    <None Include="src\LvUtils.inl">
      <Filter>src\Common</Filter>
    </None>
    <None Include="packages.config" />
  </ItemGroup>
</Project>