<?xml version="1.0" encoding="utf-8"?>
<Project ToolsVersion="4.0" xmlns="http://schemas.microsoft.com/developer/msbuild/2003">
  <ItemGroup>
    <Filter Include="src">
      <UniqueIdentifier>{8f3f7c74-1b1f-4637-b92d-4479f173c07f}</UniqueIdentifier>
    </Filter>
  </ItemGroup>
  <ItemGroup>
    <ClCompile Include="src\LvBitmapFile.cpp">
      <Filter>src</Filter>
    </ClCompile>
  </ItemGroup>
  <ItemGroup>
    <ClInclude Include="src\LvBitmapFile.h">
      <Filter>src</Filter>
    </ClInclude>
    <ClInclude Include="src\LvLib.h">
      <Filter>src</Filter>
    </ClInclude>
  </ItemGroup>
  <ItemGroup>
    <None Include="src\LvLib.inl">
      <Filter>src</Filter>
    </None>
  </ItemGroup>
</Project>